
Microsoft Visual Studio Solution File, Format Version 12.00
# Visual Studio 15
VisualStudioVersion = 15.0.28307.168
MinimumVisualStudioVersion = 10.0.40219.1
Project("{FAE04EC0-301F-11D3-BF4B-00C04F79EFBC}") = "DIY-game-uploader", "DIY-game-uploader\DIY-game-uploader.csproj", "{A7D584C3-702C-4082-A23A-D2D7F5B5F985}"
EndProject
Global
	GlobalSection(SolutionConfigurationPlatforms) = preSolution
		Debug|Any CPU = Debug|Any CPU
		Release|Any CPU = Release|Any CPU
	EndGlobalSection
	GlobalSection(ProjectConfigurationPlatforms) = postSolution
		{A7D584C3-702C-4082-A23A-D2D7F5B5F985}.Debug|Any CPU.ActiveCfg = Debug|Any CPU
		{A7D584C3-702C-4082-A23A-D2D7F5B5F985}.Debug|Any CPU.Build.0 = Debug|Any CPU
		{A7D584C3-702C-4082-A23A-D2D7F5B5F985}.Release|Any CPU.ActiveCfg = Release|Any CPU
		{A7D584C3-702C-4082-A23A-D2D7F5B5F985}.Release|Any CPU.Build.0 = Release|Any CPU
	EndGlobalSection
	GlobalSection(SolutionProperties) = preSolution
		HideSolutionNode = FALSE
	EndGlobalSection
	GlobalSection(ExtensibilityGlobals) = postSolution
		SolutionGuid = {7FF05D2D-F531-41AD-B9B0-B35D6FEA4665}
	EndGlobalSection
EndGlobal
