
Microsoft Visual Studio Solution File, Format Version 12.00
# Visual Studio Version 16
VisualStudioVersion = 16.0.28803.352
MinimumVisualStudioVersion = 10.0.40219.1
Project("{FAE04EC0-301F-11D3-BF4B-00C04F79EFBC}") = "game_uploader", "game_uploader.csproj", "{22743004-5237-400F-AD51-D21D3F5CAEB1}"
EndProject
Global
	GlobalSection(SolutionConfigurationPlatforms) = preSolution
		Debug|Any CPU = Debug|Any CPU
		Release|Any CPU = Release|Any CPU
	EndGlobalSection
	GlobalSection(ProjectConfigurationPlatforms) = postSolution
		{22743004-5237-400F-AD51-D21D3F5CAEB1}.Debug|Any CPU.ActiveCfg = Debug|Any CPU
		{22743004-5237-400F-AD51-D21D3F5CAEB1}.Debug|Any CPU.Build.0 = Debug|Any CPU
		{22743004-5237-400F-AD51-D21D3F5CAEB1}.Release|Any CPU.ActiveCfg = Release|Any CPU
		{22743004-5237-400F-AD51-D21D3F5CAEB1}.Release|Any CPU.Build.0 = Release|Any CPU
	EndGlobalSection
	GlobalSection(SolutionProperties) = preSolution
		HideSolutionNode = FALSE
	EndGlobalSection
	GlobalSection(ExtensibilityGlobals) = postSolution
		SolutionGuid = {4737543D-B271-43E5-A454-62AE1CC0CA25}
	EndGlobalSection
EndGlobal
